github.com/Firdavs2002/wallet v0.0.0-20201001080530-196b9c2cf065 h1:s3G5j4n1fMUAHJ+nY7LoLwstvafk9aoiSKCstLqKt3k=
github.com/Firdavs2002/wallet v0.0.0-20201001080530-196b9c2cf065/go.mod h1:M5jB7vOefJkBGfRkYivgHf4eq1pCth8lbP5obKj68LE=
github.com/Firdavs2002/wallet v0.0.0-20201001083139-cd3a86f4a9c5 h1:jlqfZ2exNi/BYQVeLRi/x4hbH8XBopJjIutarAyWmz8=
github.com/Firdavs2002/wallet v0.0.0-20201001083139-cd3a86f4a9c5/go.mod h1:M5jB7vOefJkBGfRkYivgHf4eq1pCth8lbP5obKj68LE=
